
Microsoft Visual Studio Solution File, Format Version 12.00
# Visual Studio 2013
VisualStudioVersion = 12.0.21005.1
MinimumVisualStudioVersion = 10.0.40219.1
Project("{FAE04EC0-301F-11D3-BF4B-00C04F79EFBC}") = "VATTaxCalculator", "VATTaxCalculator\VATTaxCalculator.csproj", "{6767AB21-BC64-4E2A-8DFD-6D2FF51F2AB2}"
EndProject
Project("{FAE04EC0-301F-11D3-BF4B-00C04F79EFBC}") = "ShopInventory", "ShopInventory\ShopInventory.csproj", "{640E030F-5BF8-408E-8E77-0B5C163CA9F8}"
EndProject
Global
	GlobalSection(SolutionConfigurationPlatforms) = preSolution
		Debug|Any CPU = Debug|Any CPU
		Release|Any CPU = Release|Any CPU
	EndGlobalSection
	GlobalSection(ProjectConfigurationPlatforms) = postSolution
		{6767AB21-BC64-4E2A-8DFD-6D2FF51F2AB2}.Debug|Any CPU.ActiveCfg = Debug|Any CPU
		{6767AB21-BC64-4E2A-8DFD-6D2FF51F2AB2}.Debug|Any CPU.Build.0 = Debug|Any CPU
		{6767AB21-BC64-4E2A-8DFD-6D2FF51F2AB2}.Release|Any CPU.ActiveCfg = Release|Any CPU
		{6767AB21-BC64-4E2A-8DFD-6D2FF51F2AB2}.Release|Any CPU.Build.0 = Release|Any CPU
		{640E030F-5BF8-408E-8E77-0B5C163CA9F8}.Debug|Any CPU.ActiveCfg = Debug|Any CPU
		{640E030F-5BF8-408E-8E77-0B5C163CA9F8}.Debug|Any CPU.Build.0 = Debug|Any CPU
		{640E030F-5BF8-408E-8E77-0B5C163CA9F8}.Release|Any CPU.ActiveCfg = Release|Any CPU
		{640E030F-5BF8-408E-8E77-0B5C163CA9F8}.Release|Any CPU.Build.0 = Release|Any CPU
	EndGlobalSection
	GlobalSection(SolutionProperties) = preSolution
		HideSolutionNode = FALSE
	EndGlobalSection
EndGlobal
